# Generated by pub
# See https://dart.dev/tools/pub/glossary#lockfile
packages:
  _fe_analyzer_shared:
    dependency: transitive
    description:
      name: _fe_analyzer_shared
      url: "https://pub.dartlang.org"
    source: hosted
    version: "3.0.0"
  analyzer:
    dependency: transitive
    description:
      name: analyzer
      url: "https://pub.dartlang.org"
    source: hosted
    version: "0.39.8"
  args:
    dependency: transitive
    description:
      name: args
      url: "https://pub.dartlang.org"
    source: hosted
    version: "1.6.0"
  async:
    dependency: transitive
    description:
      name: async
      url: "https://pub.dartlang.org"
    source: hosted
    version: "2.4.0"
  carousel_slider:
    dependency: "direct main"
    description:
      name: carousel_slider
      url: "https://pub.dartlang.org"
    source: hosted
    version: "1.4.1"
  characters:
    dependency: transitive
    description:
      name: characters
      url: "https://pub.dartlang.org"
    source: hosted
    version: "1.0.0"
  charcode:
    dependency: transitive
    description:
      name: charcode
      url: "https://pub.dartlang.org"
    source: hosted
    version: "1.1.2"
  collection:
    dependency: transitive
    description:
      name: collection
      url: "https://pub.dartlang.org"
    source: hosted
    version: "1.14.13"
  color:
    dependency: "direct main"
    description:
      name: color
      url: "https://pub.dartlang.org"
    source: hosted
    version: "2.1.1"
  convert:
    dependency: transitive
    description:
      name: convert
      url: "https://pub.dartlang.org"
    source: hosted
    version: "2.1.1"
  crypto:
    dependency: transitive
    description:
      name: crypto
      url: "https://pub.dartlang.org"
    source: hosted
    version: "2.1.5"
  csslib:
    dependency: transitive
    description:
      name: csslib
      url: "https://pub.dartlang.org"
    source: hosted
    version: "0.16.1"
  cupertino_icons:
    dependency: "direct main"
    description:
      name: cupertino_icons
      url: "https://pub.dartlang.org"
    source: hosted
    version: "0.1.3"
  dart_style:
    dependency: transitive
    description:
      name: dart_style
      url: "https://pub.dartlang.org"
    source: hosted
    version: "1.3.6"
  device_info:
    dependency: "direct main"
    description:
      name: device_info
      url: "https://pub.dartlang.org"
    source: hosted
    version: "0.4.0+3"
  emojis:
    dependency: "direct main"
    description:
      name: emojis
      url: "https://pub.dartlang.org"
    source: hosted
    version: "0.8.1"
  equatable:
    dependency: "direct main"
    description:
      name: equatable
      url: "https://pub.dartlang.org"
    source: hosted
    version: "1.1.0"
  firebase:
    dependency: transitive
    description:
      name: firebase
      url: "https://pub.dartlang.org"
    source: hosted
    version: "7.2.1"
  firebase_analytics:
    dependency: "direct main"
    description:
      name: firebase_analytics
      url: "https://pub.dartlang.org"
    source: hosted
    version: "5.0.11"
  firebase_core:
    dependency: "direct main"
    description:
      name: firebase_core
      url: "https://pub.dartlang.org"
    source: hosted
    version: "0.4.4"
  firebase_core_platform_interface:
    dependency: transitive
    description:
      name: firebase_core_platform_interface
      url: "https://pub.dartlang.org"
    source: hosted
    version: "1.0.2"
  firebase_core_web:
    dependency: transitive
    description:
      name: firebase_core_web
      url: "https://pub.dartlang.org"
    source: hosted
    version: "0.1.1+2"
  firebase_crashlytics:
    dependency: "direct main"
    description:
      name: firebase_crashlytics
      url: "https://pub.dartlang.org"
    source: hosted
    version: "0.1.2+5"
  firebase_performance:
    dependency: "direct main"
    description:
      name: firebase_performance
      url: "https://pub.dartlang.org"
    source: hosted
    version: "0.3.1+5"
  flash:
    dependency: "direct main"
    description:
      name: flash
      url: "https://pub.dartlang.org"
    source: hosted
    version: "1.2.0"
  flutter:
    dependency: "direct main"
    description: flutter
    source: sdk
    version: "0.0.0"
  flutter_localizations:
    dependency: "direct main"
    description: flutter
    source: sdk
    version: "0.0.0"
  flutter_vector_icons:
    dependency: "direct main"
    description:
      name: flutter_vector_icons
      url: "https://pub.dartlang.org"
    source: hosted
    version: "0.2.1"
  flutter_web_plugins:
    dependency: transitive
    description: flutter
    source: sdk
    version: "0.0.0"
  fluttery_dart2:
    dependency: "direct main"
    description:
      name: fluttery_dart2
      url: "https://pub.dartlang.org"
    source: hosted
    version: "0.0.9"
  glob:
    dependency: "direct dev"
    description:
      name: glob
      url: "https://pub.dartlang.org"
    source: hosted
    version: "1.2.0"
  html:
    dependency: transitive
    description:
      name: html
      url: "https://pub.dartlang.org"
    source: hosted
    version: "0.14.0+3"
  http:
    dependency: transitive
    description:
      name: http
      url: "https://pub.dartlang.org"
    source: hosted
    version: "0.12.0+4"
  http_parser:
    dependency: transitive
    description:
      name: http_parser
      url: "https://pub.dartlang.org"
    source: hosted
    version: "3.1.3"
  intl:
    dependency: "direct main"
    description:
      name: intl
      url: "https://pub.dartlang.org"
    source: hosted
    version: "0.16.1"
  intl_translation:
    dependency: "direct dev"
    description:
      name: intl_translation
      url: "https://pub.dartlang.org"
    source: hosted
    version: "0.17.10"
  js:
    dependency: transitive
    description:
      name: js
      url: "https://pub.dartlang.org"
    source: hosted
    version: "0.6.1+1"
  matcher:
    dependency: transitive
    description:
      name: matcher
      url: "https://pub.dartlang.org"
    source: hosted
    version: "0.12.6"
  meta:
    dependency: transitive
    description:
      name: meta
      url: "https://pub.dartlang.org"
    source: hosted
    version: "1.1.8"
  modal_bottom_sheet:
    dependency: "direct main"
    description:
      name: modal_bottom_sheet
      url: "https://pub.dartlang.org"
    source: hosted
    version: "0.1.6+1"
  nested:
    dependency: transitive
    description:
      name: nested
      url: "https://pub.dartlang.org"
    source: hosted
    version: "0.0.4"
  node_interop:
    dependency: transitive
    description:
      name: node_interop
      url: "https://pub.dartlang.org"
    source: hosted
    version: "1.1.1"
  node_io:
    dependency: transitive
    description:
      name: node_io
      url: "https://pub.dartlang.org"
    source: hosted
    version: "1.1.1"
  open_url:
    dependency: "direct main"
    description:
      name: open_url
      url: "https://pub.dartlang.org"
    source: hosted
    version: "1.0.1"
  package_config:
    dependency: transitive
    description:
      name: package_config
      url: "https://pub.dartlang.org"
    source: hosted
    version: "1.9.3"
  path:
    dependency: "direct dev"
    description:
      name: path
      url: "https://pub.dartlang.org"
    source: hosted
    version: "1.7.0"
  pedantic:
    dependency: transitive
    description:
      name: pedantic
      url: "https://pub.dartlang.org"
    source: hosted
    version: "1.8.0+1"
  percent_indicator:
    dependency: "direct main"
    description:
      name: percent_indicator
      url: "https://pub.dartlang.org"
    source: hosted
    version: "2.1.1+1"
  petitparser:
    dependency: transitive
    description:
      name: petitparser
      url: "https://pub.dartlang.org"
    source: hosted
    version: "3.0.2"
  pigment:
    dependency: "direct main"
    description:
      name: pigment
      url: "https://pub.dartlang.org"
    source: hosted
    version: "1.0.3"
  plugin_platform_interface:
    dependency: transitive
    description:
      name: plugin_platform_interface
      url: "https://pub.dartlang.org"
    source: hosted
    version: "1.0.2"
  provider:
    dependency: "direct main"
    description:
      name: provider
      url: "https://pub.dartlang.org"
    source: hosted
    version: "4.1.3"
  pub_semver:
    dependency: transitive
    description:
      name: pub_semver
      url: "https://pub.dartlang.org"
    source: hosted
    version: "1.4.4"
  quiver:
    dependency: "direct main"
    description:
      name: quiver
      url: "https://pub.dartlang.org"
    source: hosted
    version: "2.1.3"
  simple_animations:
    dependency: "direct main"
    description:
      name: simple_animations
      url: "https://pub.dartlang.org"
    source: hosted
    version: "1.3.6"
  sky_engine:
    dependency: transitive
    description: flutter
    source: sdk
    version: "0.0.99"
  source_span:
    dependency: transitive
    description:
      name: source_span
      url: "https://pub.dartlang.org"
    source: hosted
    version: "1.5.5"
  stack_trace:
    dependency: transitive
    description:
      name: stack_trace
      url: "https://pub.dartlang.org"
    source: hosted
    version: "1.9.3"
  string_scanner:
    dependency: transitive
    description:
      name: string_scanner
      url: "https://pub.dartlang.org"
    source: hosted
    version: "1.0.5"
  term_glyph:
    dependency: transitive
    description:
      name: term_glyph
      url: "https://pub.dartlang.org"
    source: hosted
    version: "1.1.0"
  translator:
    dependency: "direct dev"
    description:
      name: translator
      url: "https://pub.dartlang.org"
    source: hosted
    version: "0.1.4"
  typed_data:
    dependency: transitive
    description:
      name: typed_data
      url: "https://pub.dartlang.org"
    source: hosted
    version: "1.2.0"
  url_launcher:
    dependency: "direct main"
    description:
      name: url_launcher
      url: "https://pub.dartlang.org"
    source: hosted
    version: "5.4.2"
  url_launcher_macos:
    dependency: transitive
    description:
      name: url_launcher_macos
      url: "https://pub.dartlang.org"
    source: hosted
    version: "0.0.1+4"
  url_launcher_platform_interface:
    dependency: transitive
    description:
      name: url_launcher_platform_interface
      url: "https://pub.dartlang.org"
    source: hosted
    version: "1.0.6"
  url_launcher_web:
    dependency: transitive
    description:
      name: url_launcher_web
      url: "https://pub.dartlang.org"
    source: hosted
    version: "0.1.1+1"
  vector_math:
    dependency: transitive
    description:
      name: vector_math
      url: "https://pub.dartlang.org"
    source: hosted
    version: "2.0.8"
  watcher:
    dependency: transitive
    description:
      name: watcher
      url: "https://pub.dartlang.org"
    source: hosted
    version: "0.9.7+15"
  yaml:
    dependency: transitive
    description:
      name: yaml
      url: "https://pub.dartlang.org"
    source: hosted
    version: "2.2.1"
sdks:
  dart: ">=2.9.0-14.0.dev <3.0.0"
  flutter: ">=1.16.0 <2.0.0"
